// !$*UTF8*$!
{
	archiveVersion = 1;
	classes = {
	};
	objectVersion = 46;
	objects = {

/* Begin PBXBuildFile section */
		094888181E1FB20D00E6BF4D /* main.m in Sources */ = {isa = PBXBuildFile; fileRef = 094888171E1FB20D00E6BF4D /* main.m */; };
		094888201E1FB21500E6BF4D /* IOKit.framework in Frameworks */ = {isa = PBXBuildFile; fileRef = 0948881F1E1FB21500E6BF4D /* IOKit.framework */; };
/* End PBXBuildFile section */

/* Begin PBXCopyFilesBuildPhase section */
		094888121E1FB20D00E6BF4D /* CopyFiles */ = {
			isa = PBXCopyFilesBuildPhase;
			buildActionMask = 2147483647;
			dstPath = /usr/share/man/man1/;
			dstSubfolderSpec = 0;
			files = (
			);
			runOnlyForDeploymentPostprocessing = 1;
		};
/* End PBXCopyFilesBuildPhase section */

/* Begin PBXFileReference section */
		094888141E1FB20D00E6BF4D /* ScrollFix */ = {isa = PBXFileReference; explicitFileType = "compiled.mach-o.executable"; includeInIndex = 0; path = ScrollFix; sourceTree = BUILT_PRODUCTS_DIR; };
		094888171E1FB20D00E6BF4D /* main.m */ = {isa = PBXFileReference; lastKnownFileType = sourcecode.c.objc; path = main.m; sourceTree = "<group>"; };
		0948881F1E1FB21500E6BF4D /* IOKit.framework */ = {isa = PBXFileReference; lastKnownFileType = wrapper.framework; name = IOKit.framework; path = System/Library/Frameworks/IOKit.framework; sourceTree = SDKROOT; };
/* End PBXFileReference section */

/* Begin PBXFrameworksBuildPhase section */
		094888111E1FB20D00E6BF4D /* Frameworks */ = {
			isa = PBXFrameworksBuildPhase;
			buildActionMask = 2147483647;
			files = (
				094888201E1FB21500E6BF4D /* IOKit.framework in Frameworks */,
			);
			runOnlyForDeploymentPostprocessing = 0;
		};
/* End PBXFrameworksBuildPhase section */

/* Begin PBXGroup section */
		0948880B1E1FB20D00E6BF4D = {
			isa = PBXGroup;
			children = (
				094888161E1FB20D00E6BF4D /* USb helper */,
				094888151E1FB20D00E6BF4D /* Products */,
				0948881E1E1FB21500E6BF4D /* Frameworks */,
			);
			sourceTree = "<group>";
		};
		094888151E1FB20D00E6BF4D /* Products */ = {
			isa = PBXGroup;
			children = (
				094888141E1FB20D00E6BF4D /* ScrollFix */,
			);
			name = Products;
			sourceTree = "<group>";
		};
		094888161E1FB20D00E6BF4D /* USb helper */ = {
			isa = PBXGroup;
			children = (
				094888171E1FB20D00E6BF4D /* main.m */,
			);
			path = "USb helper";
			sourceTree = "<group>";
		};
		0948881E1E1FB21500E6BF4D /* Frameworks */ = {
			isa = PBXGroup;
			children = (
				0948881F1E1FB21500E6BF4D /* IOKit.framework */,
			);
			name = Frameworks;
			sourceTree = "<group>";
		};
/* End PBXGroup section */

/* Begin PBXNativeTarget section */
		094888131E1FB20D00E6BF4D /* ScrollFix */ = {
			isa = PBXNativeTarget;
			buildConfigurationList = 0948881B1E1FB20D00E6BF4D /* Build configuration list for PBXNativeTarget "ScrollFix" */;
			buildPhases = (
				094888101E1FB20D00E6BF4D /* Sources */,
				094888111E1FB20D00E6BF4D /* Frameworks */,
				094888121E1FB20D00E6BF4D /* CopyFiles */,
			);
			buildRules = (
			);
			dependencies = (
			);
			name = ScrollFix;
			productName = "USb helper";
			productReference = 094888141E1FB20D00E6BF4D /* ScrollFix */;
			productType = "com.apple.product-type.tool";
		};
/* End PBXNativeTarget section */

/* Begin PBXProject section */
		0948880C1E1FB20D00E6BF4D /* Project object */ = {
			isa = PBXProject;
			attributes = {
				LastUpgradeCheck = 0820;
				ORGANIZATIONNAME = shlomi;
				TargetAttributes = {
					094888131E1FB20D00E6BF4D = {
						CreatedOnToolsVersion = 8.2.1;
						ProvisioningStyle = Automatic;
					};
				};
			};
			buildConfigurationList = 0948880F1E1FB20D00E6BF4D /* Build configuration list for PBXProject "ScrollFix" */;
			compatibilityVersion = "Xcode 3.2";
			developmentRegion = English;
			hasScannedForEncodings = 0;
			knownRegions = (
				en,
			);
			mainGroup = 0948880B1E1FB20D00E6BF4D;
			productRefGroup = 094888151E1FB20D00E6BF4D /* Products */;
			projectDirPath = "";
			projectRoot = "";
			targets = (
				094888131E1FB20D00E6BF4D /* ScrollFix */,
			);
		};
/* End PBXProject section */

/* Begin PBXSourcesBuildPhase section */
		094888101E1FB20D00E6BF4D /* Sources */ = {
			isa = PBXSourcesBuildPhase;
			buildActionMask = 2147483647;
			files = (
				094888181E1FB20D00E6BF4D /* main.m in Sources */,
			);
			runOnlyForDeploymentPostprocessing = 0;
		};
/* End PBXSourcesBuildPhase section */

/* Begin XCBuildConfiguration section */
		094888191E1FB20D00E6BF4D /* Debug */ = {
			isa = XCBuildConfiguration;
			buildSettings = {
				ALWAYS_SEARCH_USER_PATHS = NO;
				CLANG_ANALYZER_NONNULL = YES;
				CLANG_CXX_LANGUAGE_STANDARD = "gnu++0x";
				CLANG_CXX_LIBRARY = "libc++";
				CLANG_ENABLE_MODULES = YES;
				CLANG_ENABLE_OBJC_ARC = YES;
				CLANG_WARN_BOOL_CONVERSION = YES;
				CLANG_WARN_CONSTANT_CONVERSION = YES;
				CLANG_WARN_DIRECT_OBJC_ISA_USAGE = YES_ERROR;
				CLANG_WARN_DOCUMENTATION_COMMENTS = YES;
				CLANG_WARN_EMPTY_BODY = YES;
				CLANG_WARN_ENUM_CONVERSION = YES;
				CLANG_WARN_INFINITE_RECURSION = YES;
				CLANG_WARN_INT_CONVERSION = YES;
				CLANG_WARN_OBJC_ROOT_CLASS = YES_ERROR;
				CLANG_WARN_SUSPICIOUS_MOVE = YES;
				CLANG_WARN_UNREACHABLE_CODE = YES;
				CLANG_WARN__DUPLICATE_METHOD_MATCH = YES;
				CODE_SIGN_IDENTITY = "-";
				COPY_PHASE_STRIP = NO;
				DEBUG_INFORMATION_FORMAT = dwarf;
				ENABLE_STRICT_OBJC_MSGSEND = YES;
				ENABLE_TESTABILITY = YES;
				GCC_C_LANGUAGE_STANDARD = gnu99;
				GCC_DYNAMIC_NO_PIC = NO;
				GCC_NO_COMMON_BLOCKS = YES;
				GCC_OPTIMIZATION_LEVEL = 0;
				GCC_PREPROCESSOR_DEFINITIONS = (
					"DEBUG=1",
					"$(inherited)",
				);
				GCC_WARN_64_TO_32_BIT_CONVERSION = YES;
				GCC_WARN_ABOUT_RETURN_TYPE = YES_ERROR;
				GCC_WARN_UNDECLARED_SELECTOR = YES;
				GCC_WARN_UNINITIALIZED_AUTOS = YES_AGGRESSIVE;
				GCC_WARN_UNUSED_FUNCTION = YES;
				GCC_WARN_UNUSED_VARIABLE = YES;
				MACOSX_DEPLOYMENT_TARGET = 10.12;
				MTL_ENABLE_DEBUG_INFO = YES;
				ONLY_ACTIVE_ARCH = YES;
				SDKROOT = macosx;
			};
			name = Debug;
		};
		0948881A1E1FB20D00E6BF4D /* Release */ = {
			isa = XCBuildConfiguration;
			buildSettings = {
				ALWAYS_SEARCH_USER_PATHS = NO;
				CLANG_ANALYZER_NONNULL = YES;
				CLANG_CXX_LANGUAGE_STANDARD = "gnu++0x";
				CLANG_CXX_LIBRARY = "libc++";
				CLANG_ENABLE_MODULES = YES;
				CLANG_ENABLE_OBJC_ARC = YES;
				CLANG_WARN_BOOL_CONVERSION = YES;
				CLANG_WARN_CONSTANT_CONVERSION = YES;
				CLANG_WARN_DIRECT_OBJC_ISA_USAGE = YES_ERROR;
				CLANG_WARN_DOCUMENTATION_COMMENTS = YES;
				CLANG_WARN_EMPTY_BODY = YES;
				CLANG_WARN_ENUM_CONVERSION = YES;
				CLANG_WARN_INFINITE_RECURSION = YES;
				CLANG_WARN_INT_CONVERSION = YES;
				CLANG_WARN_OBJC_ROOT_CLASS = YES_ERROR;
				CLANG_WARN_SUSPICIOUS_MOVE = YES;
				CLANG_WARN_UNREACHABLE_CODE = YES;
				CLANG_WARN__DUPLICATE_METHOD_MATCH = YES;
				CODE_SIGN_IDENTITY = "-";
				COPY_PHASE_STRIP = NO;
				DEBUG_INFORMATION_FORMAT = "dwarf-with-dsym";
				ENABLE_NS_ASSERTIONS = NO;
				ENABLE_STRICT_OBJC_MSGSEND = YES;
				GCC_C_LANGUAGE_STANDARD = gnu99;
				GCC_NO_COMMON_BLOCKS = YES;
				GCC_WARN_64_TO_32_BIT_CONVERSION = YES;
				GCC_WARN_ABOUT_RETURN_TYPE = YES_ERROR;
				GCC_WARN_UNDECLARED_SELECTOR = YES;
				GCC_WARN_UNINITIALIZED_AUTOS = YES_AGGRESSIVE;
				GCC_WARN_UNUSED_FUNCTION = YES;
				GCC_WARN_UNUSED_VARIABLE = YES;
				MACOSX_DEPLOYMENT_TARGET = 10.12;
				MTL_ENABLE_DEBUG_INFO = NO;
				SDKROOT = macosx;
			};
			name = Release;
		};
		0948881C1E1FB20D00E6BF4D /* Debug */ = {
			isa = XCBuildConfiguration;
			buildSettings = {
				PRODUCT_NAME = "$(TARGET_NAME)";
			};
			name = Debug;
		};
		0948881D1E1FB20D00E6BF4D /* Release */ = {
			isa = XCBuildConfiguration;
			buildSettings = {
				PRODUCT_NAME = "$(TARGET_NAME)";
			};
			name = Release;
		};
/* End XCBuildConfiguration section */

/* Begin XCConfigurationList section */
		0948880F1E1FB20D00E6BF4D /* Build configuration list for PBXProject "ScrollFix" */ = {
			isa = XCConfigurationList;
			buildConfigurations = (
				094888191E1FB20D00E6BF4D /* Debug */,
				0948881A1E1FB20D00E6BF4D /* Release */,
			);
			defaultConfigurationIsVisible = 0;
			defaultConfigurationName = Release;
		};
		0948881B1E1FB20D00E6BF4D /* Build configuration list for PBXNativeTarget "ScrollFix" */ = {
			isa = XCConfigurationList;
			buildConfigurations = (
				0948881C1E1FB20D00E6BF4D /* Debug */,
				0948881D1E1FB20D00E6BF4D /* Release */,
			);
			defaultConfigurationIsVisible = 0;
			defaultConfigurationName = Release;
		};
/* End XCConfigurationList section */
	};
	rootObject = 0948880C1E1FB20D00E6BF4D /* Project object */;
}
